
Microsoft Visual Studio Solution File, Format Version 12.00
# Visual Studio Version 17
VisualStudioVersion = 17.7.34202.233
MinimumVisualStudioVersion = 10.0.40219.1
Project("{FAE04EC0-301F-11D3-BF4B-00C04F79EFBC}") = "PL", "PL\PL.csproj", "{A9C77BC5-1596-481D-ADD0-12C50284F141}"
EndProject
Project("{FAE04EC0-301F-11D3-BF4B-00C04F79EFBC}") = "BL", "BL\BL.csproj", "{62A95626-EDC9-4B8A-97A9-D1577B44D668}"
EndProject
Project("{FAE04EC0-301F-11D3-BF4B-00C04F79EFBC}") = "ML", "ML\ML.csproj", "{C59B8DFB-07AA-422D-A05B-3B3E3470FF7E}"
EndProject
Project("{FAE04EC0-301F-11D3-BF4B-00C04F79EFBC}") = "DL", "DL\DL.csproj", "{08E77BF4-7227-4E9C-9E03-ACC2A9AC6CEC}"
EndProject
Global
	GlobalSection(SolutionConfigurationPlatforms) = preSolution
		Debug|Any CPU = Debug|Any CPU
		Release|Any CPU = Release|Any CPU
	EndGlobalSection
	GlobalSection(ProjectConfigurationPlatforms) = postSolution
		{A9C77BC5-1596-481D-ADD0-12C50284F141}.Debug|Any CPU.ActiveCfg = Debug|Any CPU
		{A9C77BC5-1596-481D-ADD0-12C50284F141}.Debug|Any CPU.Build.0 = Debug|Any CPU
		{A9C77BC5-1596-481D-ADD0-12C50284F141}.Release|Any CPU.ActiveCfg = Release|Any CPU
		{A9C77BC5-1596-481D-ADD0-12C50284F141}.Release|Any CPU.Build.0 = Release|Any CPU
		{62A95626-EDC9-4B8A-97A9-D1577B44D668}.Debug|Any CPU.ActiveCfg = Debug|Any CPU
		{62A95626-EDC9-4B8A-97A9-D1577B44D668}.Debug|Any CPU.Build.0 = Debug|Any CPU
		{62A95626-EDC9-4B8A-97A9-D1577B44D668}.Release|Any CPU.ActiveCfg = Release|Any CPU
		{62A95626-EDC9-4B8A-97A9-D1577B44D668}.Release|Any CPU.Build.0 = Release|Any CPU
		{C59B8DFB-07AA-422D-A05B-3B3E3470FF7E}.Debug|Any CPU.ActiveCfg = Debug|Any CPU
		{C59B8DFB-07AA-422D-A05B-3B3E3470FF7E}.Debug|Any CPU.Build.0 = Debug|Any CPU
		{C59B8DFB-07AA-422D-A05B-3B3E3470FF7E}.Release|Any CPU.ActiveCfg = Release|Any CPU
		{C59B8DFB-07AA-422D-A05B-3B3E3470FF7E}.Release|Any CPU.Build.0 = Release|Any CPU
		{08E77BF4-7227-4E9C-9E03-ACC2A9AC6CEC}.Debug|Any CPU.ActiveCfg = Debug|Any CPU
		{08E77BF4-7227-4E9C-9E03-ACC2A9AC6CEC}.Debug|Any CPU.Build.0 = Debug|Any CPU
		{08E77BF4-7227-4E9C-9E03-ACC2A9AC6CEC}.Release|Any CPU.ActiveCfg = Release|Any CPU
		{08E77BF4-7227-4E9C-9E03-ACC2A9AC6CEC}.Release|Any CPU.Build.0 = Release|Any CPU
	EndGlobalSection
	GlobalSection(SolutionProperties) = preSolution
		HideSolutionNode = FALSE
	EndGlobalSection
	GlobalSection(ExtensibilityGlobals) = postSolution
		SolutionGuid = {17525920-DFBF-437D-B4E5-A1D4CFE7D720}
	EndGlobalSection
EndGlobal
